%{
  "artificery": {:hex, :artificery, "0.4.4", "04ef46408596052053f0152b08d86b31a85b63862613f7fc13d6fb4f64819f6a", [:mix], [], "hexpm", "b897b4986dc1bb3e2f5c86de5bb4ea101b656441d16fc0db73622c09c18e96b7"},
  "backoff": {:hex, :backoff, "1.1.6", "83b72ed2108ba1ee8f7d1c22e0b4a00cfe3593a67dbc792799e8cce9f42f796b", [:rebar3], [], "hexpm", "cf0cfff8995fb20562f822e5cc47d8ccf664c5ecdc26a684cbe85c225f9d7c39"},
  "benchee": {:hex, :benchee, "1.5.0", "4d812c31d54b0ec0167e91278e7de3f596324a78a096fd3d0bea68bb0c513b10", [:mix], [{:deep_merge, "~> 1.0", [hex: :deep_merge, repo: "hexpm", optional: false]}, {:statistex, "~> 1.1", [hex: :statistex, repo: "hexpm", optional: false]}, {:table, "~> 0.1.0", [hex: :table, repo: "hexpm", optional: true]}], "hexpm", "5b075393aea81b8ae74eadd1c28b1d87e8a63696c649d8293db7c4df3eb67535"},
  "bertex": {:hex, :bertex, "1.3.0", "0ad0df9159b5110d9d2b6654f72fbf42a54884ef43b6b651e6224c0af30ba3cb", [:mix], [], "hexpm", "0a5d5e478bb5764b7b7bae37cae1ca491200e58b089df121a2fe1c223d8ee57a"},
  "bunt": {:hex, :bunt, "1.0.0", "081c2c665f086849e6d57900292b3a161727ab40431219529f13c4ddcf3e7a44", [:mix], [], "hexpm", "dc5f86aa08a5f6fa6b8096f0735c4e76d54ae5c9fa2c143e5a1fc7c1cd9bb6b5"},
  "cachex": {:hex, :cachex, "3.6.0", "14a1bfbeee060dd9bec25a5b6f4e4691e3670ebda28c8ba2884b12fe30b36bf8", [:mix], [{:eternal, "~> 1.2", [hex: :eternal, repo: "hexpm", optional: false]}, {:jumper, "~> 1.0", [hex: :jumper, repo: "hexpm", optional: false]}, {:sleeplocks, "~> 1.1", [hex: :sleeplocks, repo: "hexpm", optional: false]}, {:unsafe, "~> 1.0", [hex: :unsafe, repo: "hexpm", optional: false]}], "hexpm", "ebf24e373883bc8e0c8d894a63bbe102ae13d918f790121f5cfe6e485cc8e2e2"},
  "castore": {:hex, :castore, "1.0.18", "5e43ef0ec7d31195dfa5a65a86e6131db999d074179d2ba5a8de11fe14570f55", [:mix], [], "hexpm", "f393e4fe6317829b158fb74d86eb681f737d2fe326aa61ccf6293c4104957e34"},
  "cloak": {:hex, :cloak, "1.1.4", "aba387b22ea4d80d92d38ab1890cc528b06e0e7ef2a4581d71c3fdad59e997e7", [:mix], [{:jason, "~> 1.0", [hex: :jason, repo: "hexpm", optional: true]}], "hexpm", "92b20527b9aba3d939fab0dd32ce592ff86361547cfdc87d74edce6f980eb3d7"},
  "cloak_ecto": {:hex, :cloak_ecto, "1.3.0", "0de127c857d7452ba3c3367f53fb814b0410ff9c680a8d20fbe8b9a3c57a1118", [:mix], [{:cloak, "~> 1.1.1", [hex: :cloak, repo: "hexpm", optional: false]}, {:ecto, "~> 3.0", [hex: :ecto, repo: "hexpm", optional: false]}], "hexpm", "314beb0c123b8a800418ca1d51065b27ba3b15f085977e65c0f7b2adab2de1cc"},
  "cowboy": {:hex, :cowboy, "2.14.2", "4008be1df6ade45e4f2a4e9e2d22b36d0b5aba4e20b0a0d7049e28d124e34847", [:make, :rebar3], [{:cowlib, ">= 2.16.0 and < 3.0.0", [hex: :cowlib, repo: "hexpm", optional: false]}, {:ranch, ">= 1.8.0 and < 3.0.0", [hex: :ranch, repo: "hexpm", optional: false]}], "hexpm", "569081da046e7b41b5df36aa359be71a0c8874e5b9cff6f747073fc57baf1ab9"},
  "cowboy_telemetry": {:hex, :cowboy_telemetry, "0.4.0", "f239f68b588efa7707abce16a84d0d2acf3a0f50571f8bb7f56a15865aae820c", [:rebar3], [{:cowboy, "~> 2.7", [hex: :cowboy, repo: "hexpm", optional: false]}, {:telemetry, "~> 1.0", [hex: :telemetry, repo: "hexpm", optional: false]}], "hexpm", "7d98bac1ee4565d31b62d59f8823dfd8356a169e7fcbb83831b8a5397404c9de"},
  "cowlib": {:hex, :cowlib, "2.16.0", "54592074ebbbb92ee4746c8a8846e5605052f29309d3a873468d76cdf932076f", [:make, :rebar3], [], "hexpm", "7f478d80d66b747344f0ea7708c187645cfcc08b11aa424632f78e25bf05db51"},
  "credo": {:hex, :credo, "1.7.18", "5c5596bf7aedf9c8c227f13272ac499fe8eae6237bd326f2f07dfc173786f042", [:mix], [{:bunt, "~> 0.2.1 or ~> 1.0", [hex: :bunt, repo: "hexpm", optional: false]}, {:file_system, "~> 0.2 or ~> 1.0", [hex: :file_system, repo: "hexpm", optional: false]}, {:jason, "~> 1.0", [hex: :jason, repo: "hexpm", optional: false]}], "hexpm", "a189d164685fd945809e862fe76a7420c4398fa288d76257662aecb909d6b3e5"},
  "db_connection": {:hex, :db_connection, "2.10.0", "8ff756471e41765bd5563b633f73e9a94bbc138816e8644bb17d0d91bf260a95", [:mix], [{:telemetry, "~> 0.4 or ~> 1.0", [hex: :telemetry, repo: "hexpm", optional: false]}], "hexpm", "02cdd01b45efb1b550e68edbbea41be32de9b24bb07e1ea0e9cbc522ac377e54"},
  "decimal": {:hex, :decimal, "2.3.0", "3ad6255aa77b4a3c4f818171b12d237500e63525c2fd056699967a3e7ea20f62", [:mix], [], "hexpm", "a4d66355cb29cb47c3cf30e71329e58361cfcb37c34235ef3bf1d7bf3773aeac"},
  "deep_merge": {:hex, :deep_merge, "1.0.0", "b4aa1a0d1acac393bdf38b2291af38cb1d4a52806cf7a4906f718e1feb5ee961", [:mix], [], "hexpm", "ce708e5f094b9cd4e8f2be4f00d2f4250c4095be93f8cd6d018c753894885430"},
  "dialyxir": {:hex, :dialyxir, "1.4.7", "dda948fcee52962e4b6c5b4b16b2d8fa7d50d8645bbae8b8685c3f9ecb7f5f4d", [:mix], [{:erlex, ">= 0.2.8", [hex: :erlex, repo: "hexpm", optional: false]}], "hexpm", "b34527202e6eb8cee198efec110996c25c5898f43a4094df157f8d28f27d9efe"},
  "distillery": {:hex, :distillery, "2.1.1", "f9332afc2eec8a1a2b86f22429e068ef35f84a93ea1718265e740d90dd367814", [:mix], [{:artificery, "~> 0.2", [hex: :artificery, repo: "hexpm", optional: false]}], "hexpm", "bbc7008b0161a6f130d8d903b5b3232351fccc9c31a991f8fcbf2a12ace22995"},
  "ecto": {:hex, :ecto, "3.13.6", "352135b474f91d1ab99a1b502171d207e9db60421c9e3d0ecab4c7ab96b24d14", [:mix], [{:decimal, "~> 2.0 or ~> 3.0", [hex: :decimal, repo: "hexpm", optional: false]}, {:jason, "~> 1.0", [hex: :jason, repo: "hexpm", optional: true]}, {:telemetry, "~> 0.4 or ~> 1.0", [hex: :telemetry, repo: "hexpm", optional: false]}], "hexpm", "8afa059bc16cd2c94739ec0a11e3e5df69d828125119109bef35f20a21a76af2"},
  "ecto_sql": {:hex, :ecto_sql, "3.13.5", "2f8282b2ad97bf0f0d3217ea0a6fff320ead9e2f8770f810141189d182dc304e", [:mix], [{:db_connection, "~> 2.4.1 or ~> 2.5", [hex: :db_connection, repo: "hexpm", optional: false]}, {:ecto, "~> 3.13.0", [hex: :ecto, repo: "hexpm", optional: false]}, {:myxql, "~> 0.7", [hex: :myxql, repo: "hexpm", optional: true]}, {:postgrex, "~> 0.19 or ~> 1.0", [hex: :postgrex, repo: "hexpm", optional: true]}, {:tds, "~> 2.1.1 or ~> 2.2", [hex: :tds, repo: "hexpm", optional: true]}, {:telemetry, "~> 0.4.0 or ~> 1.0", [hex: :telemetry, repo: "hexpm", optional: false]}], "hexpm", "aa36751f4e6a2b56ae79efb0e088042e010ff4935fc8684e74c23b1f49e25fdc"},
  "eflambe": {:hex, :eflambe, "0.3.2", "0813eae9370091ad1214c94f7c79e315532dc27ee42d4f86b2210e2a807fd041", [:rebar3], [{:meck, "0.9.2", [hex: :meck, repo: "hexpm", optional: false]}], "hexpm", "2b4fd71c56d3e950105aae7747eb12158a0975ca754d891d6389f5186d7efb58"},
  "erlex": {:hex, :erlex, "0.2.8", "cd8116f20f3c0afe376d1e8d1f0ae2452337729f68be016ea544a72f767d9c12", [:mix], [], "hexpm", "9d66ff9fedf69e49dc3fd12831e12a8a37b76f8651dd21cd45fcf5561a8a7590"},
  "esbuild": {:hex, :esbuild, "0.10.0", "b0aa3388a1c23e727c5a3e7427c932d89ee791746b0081bbe56103e9ef3d291f", [:mix], [{:jason, "~> 1.4", [hex: :jason, repo: "hexpm", optional: false]}], "hexpm", "468489cda427b974a7cc9f03ace55368a83e1a7be12fba7e30969af78e5f8c70"},
  "eternal": {:hex, :eternal, "1.2.2", "d1641c86368de99375b98d183042dd6c2b234262b8d08dfd72b9eeaafc2a1abd", [:mix], [], "hexpm", "2c9fe32b9c3726703ba5e1d43a1d255a4f3f2d8f8f9bc19f094c7cb1a7a9e782"},
  "excoveralls": {:hex, :excoveralls, "0.18.5", "e229d0a65982613332ec30f07940038fe451a2e5b29bce2a5022165f0c9b157e", [:mix], [{:castore, "~> 1.0", [hex: :castore, repo: "hexpm", optional: true]}, {:jason, "~> 1.0", [hex: :jason, repo: "hexpm", optional: false]}], "hexpm", "523fe8a15603f86d64852aab2abe8ddbd78e68579c8525ae765facc5eae01562"},
  "file_system": {:hex, :file_system, "1.1.1", "31864f4685b0148f25bd3fbef2b1228457c0c89024ad67f7a81a3ffbc0bbad3a", [:mix], [], "hexpm", "7a15ff97dfe526aeefb090a7a9d3d03aa907e100e262a0f8f7746b78f8f87a5d"},
  "finch": {:hex, :finch, "0.21.0", "b1c3b2d48af02d0c66d2a9ebfb5622be5c5ecd62937cf79a88a7f98d48a8290c", [:mix], [{:mime, "~> 1.0 or ~> 2.0", [hex: :mime, repo: "hexpm", optional: false]}, {:mint, "~> 1.6.2 or ~> 1.7", [hex: :mint, repo: "hexpm", optional: false]}, {:nimble_options, "~> 0.4 or ~> 1.0", [hex: :nimble_options, repo: "hexpm", optional: false]}, {:nimble_pool, "~> 1.1", [hex: :nimble_pool, repo: "hexpm", optional: false]}, {:telemetry, "~> 0.4 or ~> 1.0", [hex: :telemetry, repo: "hexpm", optional: false]}], "hexpm", "87dc6e169794cb2570f75841a19da99cfde834249568f2a5b121b809588a4377"},
  "heroicons": {:git, "https://github.com/tailwindlabs/heroicons.git", "0435d4ca364a608cc75e2f8683d374e55abbae26", [tag: "v2.2.0", sparse: "optimized", depth: 1]},
  "hpax": {:hex, :hpax, "1.0.3", "ed67ef51ad4df91e75cc6a1494f851850c0bd98ebc0be6e81b026e765ee535aa", [:mix], [], "hexpm", "8eab6e1cfa8d5918c2ce4ba43588e894af35dbd8e91e6e55c817bca5847df34a"},
  "idna": {:hex, :idna, "6.1.1", "8a63070e9f7d0c62eb9d9fcb360a7de382448200fbbd1b106cc96d3d8099df8d", [:rebar3], [{:unicode_util_compat, "~> 0.7.0", [hex: :unicode_util_compat, repo: "hexpm", optional: false]}], "hexpm", "92376eb7894412ed19ac475e4a86f7b413c1b9fbb5bd16dccd57934157944cea"},
  "inet_cidr": {:hex, :inet_cidr, "1.0.9", "e0ef72a2942529da78c8e4147d53f2ef5f6f5293335c3637b0fdf83c012cc816", [:mix], [], "hexpm", "172da15ff7cf635b1feaf14f5818be28c811b37cc5fb7c5f7c01058c1c1066cc"},
  "jason": {:hex, :jason, "1.4.5", "2e3a008590b0b8d7388c20293e9dcc9cf3e5d642fd2a114e4cbbb52e595d940a", [:mix], [{:decimal, "~> 1.0 or ~> 2.0 or ~> 3.0", [hex: :decimal, repo: "hexpm", optional: true]}], "hexpm", "b0c823996102bcd0239b3c2444eb00409b72f6a140c1950bc8b457d836b30684"},
  "joken": {:hex, :joken, "2.6.2", "5daaf82259ca603af4f0b065475099ada1b2b849ff140ccd37f4b6828ca6892a", [:mix], [{:jose, "~> 1.11.10", [hex: :jose, repo: "hexpm", optional: false]}], "hexpm", "5134b5b0a6e37494e46dbf9e4dad53808e5e787904b7c73972651b51cce3d72b"},
  "jose": {:hex, :jose, "1.11.12", "06e62b467b61d3726cbc19e9b5489f7549c37993de846dfb3ee8259f9ed208b3", [:mix, :rebar3], [], "hexpm", "31e92b653e9210b696765cdd885437457de1add2a9011d92f8cf63e4641bab7b"},
  "jumper": {:hex, :jumper, "1.0.2", "68cdcd84472a00ac596b4e6459a41b3062d4427cbd4f1e8c8793c5b54f1406a7", [:mix], [], "hexpm", "9b7782409021e01ab3c08270e26f36eb62976a38c1aa64b2eaf6348422f165e1"},
  "libcluster": {:hex, :libcluster, "3.5.0", "5ee4cfde4bdf32b2fef271e33ce3241e89509f4344f6c6a8d4069937484866ba", [:mix], [{:jason, "~> 1.1", [hex: :jason, repo: "hexpm", optional: false]}, {:telemetry, "~> 1.3", [hex: :telemetry, repo: "hexpm", optional: false]}], "hexpm", "ebf6561fcedd765a4cd43b4b8c04b1c87f4177b5fb3cbdfe40a780499d72f743"},
  "logflare_api_client": {:hex, :logflare_api_client, "0.3.5", "c427ebf65a8402d68b056d4a5ef3e1eb3b90c0ad1d0de97d1fe23807e0c1b113", [:mix], [{:bertex, "~> 1.3", [hex: :bertex, repo: "hexpm", optional: false]}, {:finch, "~> 0.10", [hex: :finch, repo: "hexpm", optional: false]}, {:jason, ">= 1.0.0", [hex: :jason, repo: "hexpm", optional: false]}, {:tesla, "~> 1.0", [hex: :tesla, repo: "hexpm", optional: false]}], "hexpm", "16d29abcb80c4f72745cdf943379da02a201504813c3aa12b4d4acb0302b7723"},
  "logflare_etso": {:hex, :logflare_etso, "1.1.2", "040bd3e482aaf0ed20080743b7562242ec5079fd88a6f9c8ce5d8298818292e9", [:mix], [{:ecto, "~> 3.8", [hex: :ecto, repo: "hexpm", optional: false]}], "hexpm", "ab96be42900730a49b132891f43a9be1d52e4ad3ee9ed9cb92565c5f87345117"},
  "logflare_logger_backend": {:git, "https://github.com/Logflare/logflare_logger_backend.git", "7fcc9f32ec48f466ddc1738709d7dc646cfc1e3a", [tag: "v0.11.4"]},
  "meck": {:hex, :meck, "1.1.1", "8ca9c1363d982feab8ba9f441dfddadbcba96add9c4501a762568273f06b2af8", [:rebar3], [], "hexpm", "23a51200af1f1c5571633b6fa3e3b121f45d4b553f837bfca387307bd2be95ac"},
  "mime": {:hex, :mime, "2.0.7", "b8d739037be7cd402aee1ba0306edfdef982687ee7e9859bee6198c1e7e2f128", [:mix], [], "hexpm", "6171188e399ee16023ffc5b76ce445eb6d9672e2e241d2df6050f3c771e80ccd"},
  "mint": {:hex, :mint, "1.7.1", "113fdb2b2f3b59e47c7955971854641c61f378549d73e829e1768de90fc1abf1", [:mix], [{:castore, "~> 0.1.0 or ~> 1.0", [hex: :castore, repo: "hexpm", optional: true]}, {:hpax, "~> 0.1.1 or ~> 0.2.0 or ~> 1.0", [hex: :hpax, repo: "hexpm", optional: false]}], "hexpm", "fceba0a4d0f24301ddee3024ae116df1c3f4bb7a563a731f45fdfeb9d39a231b"},
  "mix_audit": {:hex, :mix_audit, "2.1.5", "c0f77cee6b4ef9d97e37772359a187a166c7a1e0e08b50edf5bf6959dfe5a016", [:make, :mix], [{:jason, "~> 1.4", [hex: :jason, repo: "hexpm", optional: false]}, {:yaml_elixir, "~> 2.11", [hex: :yaml_elixir, repo: "hexpm", optional: false]}], "hexpm", "87f9298e21da32f697af535475860dc1d3617a010e0b418d2ec6142bc8b42d69"},
  "nimble_options": {:hex, :nimble_options, "1.1.1", "e3a492d54d85fc3fd7c5baf411d9d2852922f66e69476317787a7b2bb000a61b", [:mix], [], "hexpm", "821b2470ca9442c4b6984882fe9bb0389371b8ddec4d45a9504f00a66f650b44"},
  "nimble_pool": {:hex, :nimble_pool, "1.1.0", "bf9c29fbdcba3564a8b800d1eeb5a3c58f36e1e11d7b7fb2e084a643f645f06b", [:mix], [], "hexpm", "af2e4e6b34197db81f7aad230c1118eac993acc0dae6bc83bac0126d4ae0813a"},
  "observer_cli": {:hex, :observer_cli, "1.8.7", "dcc571b78470e5c6b969a9463f3b2e4646d2df4ef2309856518da7659f680ee3", [:mix, :rebar3], [{:recon, "~> 2.5.6", [hex: :recon, repo: "hexpm", optional: false]}], "hexpm", "7b66e22ad7f961684e2dc9deebde1e18e31e573ad7e826bfd0173e0d0f386b91"},
  "octo_fetch": {:hex, :octo_fetch, "0.5.0", "f50701568b9fc752656367f82cc134d5fbefff37c5a0e8ddfcceb02ceee3f5fc", [:mix], [{:castore, "~> 0.1 or ~> 1.0", [hex: :castore, repo: "hexpm", optional: false]}, {:ssl_verify_fun, "~> 1.1", [hex: :ssl_verify_fun, repo: "hexpm", optional: false]}], "hexpm", "6226cc3c14ca948ee9f25fb0446322e5c288e215da9beba7899b6b5f4cd3ccb0"},
  "open_api_spex": {:hex, :open_api_spex, "3.22.3", "0e383bf23cc3a060bffaebbcd09fc06bfc908d948c00e518aed36bbf8a2fe473", [:mix], [{:decimal, "~> 1.0 or ~> 2.0 or ~> 3.0", [hex: :decimal, repo: "hexpm", optional: true]}, {:jason, "~> 1.0", [hex: :jason, repo: "hexpm", optional: true]}, {:plug, "~> 1.7", [hex: :plug, repo: "hexpm", optional: false]}, {:poison, "~> 3.0 or ~> 4.0 or ~> 5.0 or ~> 6.0", [hex: :poison, repo: "hexpm", optional: true]}, {:ymlr, "~> 2.0 or ~> 3.0 or ~> 4.0 or ~> 5.0", [hex: :ymlr, repo: "hexpm", optional: true]}], "hexpm", "5f74f1878fdc38f8e961b0b943ac7af88dcf3a82a0c0ef6680ddfd3d161aecbd"},
  "opentelemetry_api": {:hex, :opentelemetry_api, "1.5.0", "1a676f3e3340cab81c763e939a42e11a70c22863f645aa06aafefc689b5550cf", [:mix, :rebar3], [], "hexpm", "f53ec8a1337ae4a487d43ac89da4bd3a3c99ddf576655d071deed8b56a2d5dda"},
  "peep": {:hex, :peep, "4.4.0", "4b6289e7258ecf2741041068932455eb8389673bca785623621ddb6935286845", [:mix], [{:nimble_options, "~> 1.1", [hex: :nimble_options, repo: "hexpm", optional: false]}, {:plug, "~> 1.16", [hex: :plug, repo: "hexpm", optional: true]}, {:telemetry, "~> 1.0", [hex: :telemetry, repo: "hexpm", optional: false]}, {:telemetry_metrics, "~> 1.0", [hex: :telemetry_metrics, repo: "hexpm", optional: false]}], "hexpm", "f289959a9e5fcf92f5a4becaf4dd0df95c58841368f6ad0574b8ea830a7c1453"},
  "pg_types": {:hex, :pg_types, "0.6.0", "b530c56330a59288be49cdd27739ec025b6e877a475ae70bf95b04f1e3a817c4", [:rebar3], [], "hexpm", "9949a4849dd13408fa249ab7b745e0d2dfdb9532aee2b9722326e33cd082a778"},
  "pgo": {:hex, :pgo, "0.20.0", "4f4a1fcb0a4894311be238195bdad4df80312ab091db87fe5348fafa4da75f87", [:rebar3], [{:backoff, "~> 1.1.6", [hex: :backoff, repo: "hexpm", optional: false]}, {:opentelemetry_api, "~> 1.5", [hex: :opentelemetry_api, repo: "hexpm", optional: false]}, {:pg_types, "~> 0.6.0", [hex: :pg_types, repo: "hexpm", optional: false]}], "hexpm", "2f11e6649ceb38e569ef56b16be1d04874ae5b11a02867080a2817ce423c683b"},
  "phoenix": {:hex, :phoenix, "1.7.23", "2a86f055b50f3ca2e692f8bc0e757b7bde6a44182476ec9193e337ccb7cf5492", [:mix], [{:castore, ">= 0.0.0", [hex: :castore, repo: "hexpm", optional: false]}, {:jason, "~> 1.0", [hex: :jason, repo: "hexpm", optional: true]}, {:phoenix_pubsub, "~> 2.1", [hex: :phoenix_pubsub, repo: "hexpm", optional: false]}, {:phoenix_template, "~> 1.0", [hex: :phoenix_template, repo: "hexpm", optional: false]}, {:phoenix_view, "~> 2.0", [hex: :phoenix_view, repo: "hexpm", optional: true]}, {:plug, "~> 1.14", [hex: :plug, repo: "hexpm", optional: false]}, {:plug_cowboy, "~> 2.7", [hex: :plug_cowboy, repo: "hexpm", optional: true]}, {:plug_crypto, "~> 1.2 or ~> 2.0", [hex: :plug_crypto, repo: "hexpm", optional: false]}, {:telemetry, "~> 0.4 or ~> 1.0", [hex: :telemetry, repo: "hexpm", optional: false]}, {:websock_adapter, "~> 0.5.3", [hex: :websock_adapter, repo: "hexpm", optional: false]}], "hexpm", "98b551a267cbcd0ca4a2bfe05ff2fb3cd68699197a2a3e14504f6b7be758ca9d"},
  "phoenix_ecto": {:hex, :phoenix_ecto, "4.7.0", "75c4b9dfb3efdc42aec2bd5f8bccd978aca0651dbcbc7a3f362ea5d9d43153c6", [:mix], [{:ecto, "~> 3.5", [hex: :ecto, repo: "hexpm", optional: false]}, {:phoenix_html, "~> 2.14.2 or ~> 3.0 or ~> 4.1", [hex: :phoenix_html, repo: "hexpm", optional: true]}, {:plug, "~> 1.9", [hex: :plug, repo: "hexpm", optional: false]}, {:postgrex, "~> 0.16 or ~> 1.0", [hex: :postgrex, repo: "hexpm", optional: true]}], "hexpm", "1d75011e4254cb4ddf823e81823a9629559a1be93b4321a6a5f11a5306fbf4cc"},
  "phoenix_html": {:hex, :phoenix_html, "4.3.0", "d3577a5df4b6954cd7890c84d955c470b5310bb49647f0a114a6eeecc850f7ad", [:mix], [], "hexpm", "3eaa290a78bab0f075f791a46a981bbe769d94bc776869f4f3063a14f30497ad"},
  "phoenix_live_dashboard": {:hex, :phoenix_live_dashboard, "0.8.7", "405880012cb4b706f26dd1c6349125bfc903fb9e44d1ea668adaf4e04d4884b7", [:mix], [{:ecto, "~> 3.6.2 or ~> 3.7", [hex: :ecto, repo: "hexpm", optional: true]}, {:ecto_mysql_extras, "~> 0.5", [hex: :ecto_mysql_extras, repo: "hexpm", optional: true]}, {:ecto_psql_extras, "~> 0.7", [hex: :ecto_psql_extras, repo: "hexpm", optional: true]}, {:ecto_sqlite3_extras, "~> 1.1.7 or ~> 1.2.0", [hex: :ecto_sqlite3_extras, repo: "hexpm", optional: true]}, {:mime, "~> 1.6 or ~> 2.0", [hex: :mime, repo: "hexpm", optional: false]}, {:phoenix_live_view, "~> 0.19 or ~> 1.0", [hex: :phoenix_live_view, repo: "hexpm", optional: false]}, {:telemetry_metrics, "~> 0.6 or ~> 1.0", [hex: :telemetry_metrics, repo: "hexpm", optional: false]}], "hexpm", "3a8625cab39ec261d48a13b7468dc619c0ede099601b084e343968309bd4d7d7"},
  "phoenix_live_view": {:hex, :phoenix_live_view, "1.1.30", "a84af1610755dc208da35d4d45564485edbf18c3f3c77373c4a650dc994cdcdb", [:mix], [{:igniter, ">= 0.6.16 and < 1.0.0-0", [hex: :igniter, repo: "hexpm", optional: true]}, {:jason, "~> 1.0", [hex: :jason, repo: "hexpm", optional: true]}, {:lazy_html, "~> 0.1.0", [hex: :lazy_html, repo: "hexpm", optional: true]}, {:phoenix, "~> 1.6.15 or ~> 1.7.0 or ~> 1.8.0-rc", [hex: :phoenix, repo: "hexpm", optional: false]}, {:phoenix_html, "~> 3.3 or ~> 4.0", [hex: :phoenix_html, repo: "hexpm", optional: false]}, {:phoenix_template, "~> 1.0", [hex: :phoenix_template, repo: "hexpm", optional: false]}, {:phoenix_view, "~> 2.0", [hex: :phoenix_view, repo: "hexpm", optional: true]}, {:plug, "~> 1.15", [hex: :plug, repo: "hexpm", optional: false]}, {:telemetry, "~> 0.4.2 or ~> 1.0", [hex: :telemetry, repo: "hexpm", optional: false]}], "hexpm", "a353c51ac1e3190910f01a6100c7d5cc02c5e22e7374fd817bd3aedd21149039"},
  "phoenix_pubsub": {:hex, :phoenix_pubsub, "2.2.0", "ff3a5616e1bed6804de7773b92cbccfc0b0f473faf1f63d7daf1206c7aeaaa6f", [:mix], [], "hexpm", "adc313a5bf7136039f63cfd9668fde73bba0765e0614cba80c06ac9460ff3e96"},
  "phoenix_template": {:hex, :phoenix_template, "1.0.4", "e2092c132f3b5e5b2d49c96695342eb36d0ed514c5b252a77048d5969330d639", [:mix], [{:phoenix_html, "~> 2.14.2 or ~> 3.0 or ~> 4.0", [hex: :phoenix_html, repo: "hexpm", optional: true]}], "hexpm", "2c0c81f0e5c6753faf5cca2f229c9709919aba34fab866d3bc05060c9c444206"},
  "phoenix_view": {:hex, :phoenix_view, "2.0.4", "b45c9d9cf15b3a1af5fb555c674b525391b6a1fe975f040fb4d913397b31abf4", [:mix], [{:phoenix_html, "~> 2.14.2 or ~> 3.0 or ~> 4.0", [hex: :phoenix_html, repo: "hexpm", optional: true]}, {:phoenix_template, "~> 1.0", [hex: :phoenix_template, repo: "hexpm", optional: false]}], "hexpm", "4e992022ce14f31fe57335db27a28154afcc94e9983266835bb3040243eb620b"},
  "plug": {:hex, :plug, "1.19.1", "09bac17ae7a001a68ae393658aa23c7e38782be5c5c00c80be82901262c394c0", [:mix], [{:mime, "~> 1.0 or ~> 2.0", [hex: :mime, repo: "hexpm", optional: false]}, {:plug_crypto, "~> 1.1.1 or ~> 1.2 or ~> 2.0", [hex: :plug_crypto, repo: "hexpm", optional: false]}, {:telemetry, "~> 0.4.3 or ~> 1.0", [hex: :telemetry, repo: "hexpm", optional: false]}], "hexpm", "560a0017a8f6d5d30146916862aaf9300b7280063651dd7e532b8be168511e62"},
  "plug_cowboy": {:hex, :plug_cowboy, "2.8.1", "5aa391a5e8d1ac3192e36a3bcaff12b5fd6ef6c7e29b53a38e63a860783e77d0", [:mix], [{:cowboy, "~> 2.7", [hex: :cowboy, repo: "hexpm", optional: false]}, {:cowboy_telemetry, "~> 0.3", [hex: :cowboy_telemetry, repo: "hexpm", optional: false]}, {:plug, "~> 1.14", [hex: :plug, repo: "hexpm", optional: false]}], "hexpm", "4c200288673d5bc86a0ab7dc6a2a069176a74e5d573ef62740a1c517458a5f26"},
  "plug_crypto": {:hex, :plug_crypto, "2.1.1", "19bda8184399cb24afa10be734f84a16ea0a2bc65054e23a62bb10f06bc89491", [:mix], [], "hexpm", "6470bce6ffe41c8bd497612ffde1a7e4af67f36a15eea5f921af71cf3e11247c"},
  "poolboy": {:git, "https://github.com/supabase/poolboy", "e53d946d9237c805c4e08c859eaa09de8a741480", [tag: "v0.0.3"]},
  "postgrex": {:git, "https://github.com/elixir-ecto/postgrex.git", "0f92ae39c8f43b6cf39a46ab1142f6fc09be40fe", [ref: "0f92ae39c8f43b6cf39a46ab1142f6fc09be40fe"]},
  "prom_ex": {:hex, :prom_ex, "1.11.0", "1f6d67f2dead92224cb4f59beb3e4d319257c5728d9638b4a5e8ceb51a4f9c7e", [:mix], [{:absinthe, ">= 1.7.0", [hex: :absinthe, repo: "hexpm", optional: true]}, {:broadway, ">= 1.1.0", [hex: :broadway, repo: "hexpm", optional: true]}, {:ecto, ">= 3.11.0", [hex: :ecto, repo: "hexpm", optional: true]}, {:finch, "~> 0.18", [hex: :finch, repo: "hexpm", optional: false]}, {:jason, "~> 1.4", [hex: :jason, repo: "hexpm", optional: false]}, {:oban, ">= 2.10.0", [hex: :oban, repo: "hexpm", optional: true]}, {:octo_fetch, "~> 0.4", [hex: :octo_fetch, repo: "hexpm", optional: false]}, {:peep, "~> 3.0", [hex: :peep, repo: "hexpm", optional: false]}, {:phoenix, ">= 1.7.0", [hex: :phoenix, repo: "hexpm", optional: true]}, {:phoenix_live_view, ">= 0.20.0", [hex: :phoenix_live_view, repo: "hexpm", optional: true]}, {:plug, ">= 1.16.0", [hex: :plug, repo: "hexpm", optional: true]}, {:plug_cowboy, ">= 2.6.0", [hex: :plug_cowboy, repo: "hexpm", optional: true]}, {:telemetry, ">= 1.0.0", [hex: :telemetry, repo: "hexpm", optional: false]}, {:telemetry_metrics, "~> 1.0", [hex: :telemetry_metrics, repo: "hexpm", optional: false]}, {:telemetry_metrics_prometheus_core, "~> 1.2", [hex: :telemetry_metrics_prometheus_core, repo: "hexpm", optional: false]}, {:telemetry_poller, "~> 1.1", [hex: :telemetry_poller, repo: "hexpm", optional: false]}], "hexpm", "76b074bc3730f0802978a7eb5c7091a65473eaaf07e99ec9e933138dcc327805"},
  "ranch": {:hex, :ranch, "2.2.0", "25528f82bc8d7c6152c57666ca99ec716510fe0925cb188172f41ce93117b1b0", [:make, :rebar3], [], "hexpm", "fa0b99a1780c80218a4197a59ea8d3bdae32fbff7e88527d7d8a4787eff4f8e7"},
  "recon": {:hex, :recon, "2.5.6", "9052588e83bfedfd9b72e1034532aee2a5369d9d9343b61aeb7fbce761010741", [:mix, :rebar3], [], "hexpm", "96c6799792d735cc0f0fd0f86267e9d351e63339cbe03df9d162010cefc26bb0"},
  "req": {:hex, :req, "0.5.17", "0096ddd5b0ed6f576a03dde4b158a0c727215b15d2795e59e0916c6971066ede", [:mix], [{:brotli, "~> 0.3.1", [hex: :brotli, repo: "hexpm", optional: true]}, {:ezstd, "~> 1.0", [hex: :ezstd, repo: "hexpm", optional: true]}, {:finch, "~> 0.17", [hex: :finch, repo: "hexpm", optional: false]}, {:jason, "~> 1.0", [hex: :jason, repo: "hexpm", optional: false]}, {:mime, "~> 2.0.6 or ~> 2.1", [hex: :mime, repo: "hexpm", optional: false]}, {:nimble_csv, "~> 1.0", [hex: :nimble_csv, repo: "hexpm", optional: true]}, {:plug, "~> 1.0", [hex: :plug, repo: "hexpm", optional: true]}], "hexpm", "0b8bc6ffdfebbc07968e59d3ff96d52f2202d0536f10fef4dc11dc02a2a43e39"},
  "rustler": {:hex, :rustler, "0.36.2", "6c2142f912166dfd364017ab2bf61242d4a5a3c88e7b872744642ae004b82501", [:mix], [{:jason, "~> 1.0", [hex: :jason, repo: "hexpm", optional: false]}, {:toml, "~> 0.7", [hex: :toml, repo: "hexpm", optional: false]}], "hexpm", "93832a6dbc1166739a19cd0c25e110e4cf891f16795deb9361dfcae95f6c88fe"},
  "sleeplocks": {:hex, :sleeplocks, "1.1.4", "be657d2326fad313a9cbc45374dcd861416f2f2097bc71c4de1538b65c7ccc8e", [:rebar3], [], "hexpm", "bc12752ab0693ea4e4a3bcf4e063cef408d71197a3c0fad75497fabd475f5481"},
  "sobelow": {:hex, :sobelow, "0.14.1", "2f81e8632f15574cba2402bcddff5497b413c01e6f094bc0ab94e83c2f74db81", [:mix], [{:jason, "~> 1.0", [hex: :jason, repo: "hexpm", optional: false]}], "hexpm", "8fac9a2bd90fdc4b15d6fca6e1608efb7f7c600fa75800813b794ee9364c87f2"},
  "ssl_verify_fun": {:hex, :ssl_verify_fun, "1.1.7", "354c321cf377240c7b8716899e182ce4890c5938111a1296add3ec74cf1715df", [:make, :mix, :rebar3], [], "hexpm", "fe4c190e8f37401d30167c8c405eda19469f34577987c76dde613e838bbc67f8"},
  "statistex": {:hex, :statistex, "1.1.0", "7fec1eb2f580a0d2c1a05ed27396a084ab064a40cfc84246dbfb0c72a5c761e5", [:mix], [], "hexpm", "f5950ea26ad43246ba2cce54324ac394a4e7408fdcf98b8e230f503a0cba9cf5"},
  "stream_data": {:hex, :stream_data, "1.3.0", "bde37905530aff386dea1ddd86ecbf00e6642dc074ceffc10b7d4e41dfd6aac9", [:mix], [], "hexpm", "3cc552e286e817dca43c98044c706eec9318083a1480c52ae2688b08e2936e3c"},
  "swoosh": {:hex, :swoosh, "1.25.1", "569fcff34817da8a03f28775146b3c8b71b4c9b14f8f78d37ff3ef422862a18b", [:mix], [{:bandit, ">= 1.0.0", [hex: :bandit, repo: "hexpm", optional: true]}, {:cowboy, "~> 1.1 or ~> 2.4", [hex: :cowboy, repo: "hexpm", optional: true]}, {:ex_aws, "~> 2.1", [hex: :ex_aws, repo: "hexpm", optional: true]}, {:finch, "~> 0.6", [hex: :finch, repo: "hexpm", optional: true]}, {:gen_smtp, "~> 0.13 or ~> 1.0", [hex: :gen_smtp, repo: "hexpm", optional: true]}, {:hackney, "~> 1.9", [hex: :hackney, repo: "hexpm", optional: true]}, {:idna, "~> 6.0", [hex: :idna, repo: "hexpm", optional: false]}, {:jason, "~> 1.0", [hex: :jason, repo: "hexpm", optional: false]}, {:mail, "~> 0.2", [hex: :mail, repo: "hexpm", optional: true]}, {:mime, "~> 1.1 or ~> 2.0", [hex: :mime, repo: "hexpm", optional: false]}, {:mua, "~> 0.2.3", [hex: :mua, repo: "hexpm", optional: true]}, {:multipart, "~> 0.4", [hex: :multipart, repo: "hexpm", optional: true]}, {:plug, "~> 1.9", [hex: :plug, repo: "hexpm", optional: true]}, {:plug_cowboy, ">= 1.0.0", [hex: :plug_cowboy, repo: "hexpm", optional: true]}, {:req, "~> 0.5.10 or ~> 0.6 or ~> 1.0", [hex: :req, repo: "hexpm", optional: true]}, {:telemetry, "~> 0.4.2 or ~> 1.0", [hex: :telemetry, repo: "hexpm", optional: false]}], "hexpm", "58b3e8db6406fe417a89b5042358d2e8f15d32a3317d4f8581d7a3ae501e410b"},
  "syn": {:hex, :syn, "3.4.1", "0f5dec874dc9a966f75103821decd1104e47abae60e59c29f3f7b9f49ad5f234", [:rebar3], [], "hexpm", "3fb028569593363d4759649ef0aa406bb4dd148aaf8a8b6ce068072837368b52"},
  "tailwind": {:hex, :tailwind, "0.4.1", "e7bcc222fe96a1e55f948e76d13dd84a1a7653fb051d2a167135db3b4b08d3e9", [:mix], [], "hexpm", "6249d4f9819052911120dbdbe9e532e6bd64ea23476056adb7f730aa25c220d1"},
  "telemetry": {:hex, :telemetry, "1.4.1", "ab6de178e2b29b58e8256b92b382ea3f590a47152ca3651ea857a6cae05ac423", [:rebar3], [], "hexpm", "2172e05a27531d3d31dd9782841065c50dd5c3c7699d95266b2edd54c2dafa1c"},
  "telemetry_metrics": {:hex, :telemetry_metrics, "1.1.0", "5bd5f3b5637e0abea0426b947e3ce5dd304f8b3bc6617039e2b5a008adc02f8f", [:mix], [{:telemetry, "~> 0.4 or ~> 1.0", [hex: :telemetry, repo: "hexpm", optional: false]}], "hexpm", "e7b79e8ddfde70adb6db8a6623d1778ec66401f366e9a8f5dd0955c56bc8ce67"},
  "telemetry_metrics_prometheus_core": {:hex, :telemetry_metrics_prometheus_core, "1.2.1", "c9755987d7b959b557084e6990990cb96a50d6482c683fb9622a63837f3cd3d8", [:mix], [{:telemetry, "~> 0.4 or ~> 1.0", [hex: :telemetry, repo: "hexpm", optional: false]}, {:telemetry_metrics, "~> 0.6 or ~> 1.0", [hex: :telemetry_metrics, repo: "hexpm", optional: false]}], "hexpm", "5e2c599da4983c4f88a33e9571f1458bf98b0cf6ba930f1dc3a6e8cf45d5afb6"},
  "telemetry_poller": {:hex, :telemetry_poller, "1.3.0", "d5c46420126b5ac2d72bc6580fb4f537d35e851cc0f8dbd571acf6d6e10f5ec7", [:rebar3], [{:telemetry, "~> 1.0", [hex: :telemetry, repo: "hexpm", optional: false]}], "hexpm", "51f18bed7128544a50f75897db9974436ea9bfba560420b646af27a9a9b35211"},
  "tesla": {:hex, :tesla, "1.17.0", "fde23e9d1a237ccdafd5b0d5193769104dad2091e400242f1048f72d7a2d0c11", [:mix], [{:castore, "~> 0.1 or ~> 1.0", [hex: :castore, repo: "hexpm", optional: true]}, {:exjsx, ">= 3.0.0", [hex: :exjsx, repo: "hexpm", optional: true]}, {:finch, "~> 0.13", [hex: :finch, repo: "hexpm", optional: true]}, {:fuse, "~> 2.4", [hex: :fuse, repo: "hexpm", optional: true]}, {:gun, ">= 1.0.0", [hex: :gun, repo: "hexpm", optional: true]}, {:hackney, "~> 1.21", [hex: :hackney, repo: "hexpm", optional: true]}, {:ibrowse, "4.4.2", [hex: :ibrowse, repo: "hexpm", optional: true]}, {:jason, ">= 1.0.0", [hex: :jason, repo: "hexpm", optional: true]}, {:mime, "~> 1.0 or ~> 2.0", [hex: :mime, repo: "hexpm", optional: false]}, {:mint, "~> 1.0", [hex: :mint, repo: "hexpm", optional: true]}, {:mox, "~> 1.0", [hex: :mox, repo: "hexpm", optional: true]}, {:msgpax, "~> 2.3", [hex: :msgpax, repo: "hexpm", optional: true]}, {:opentelemetry_semantic_conventions, "~> 1.27", [hex: :opentelemetry_semantic_conventions, repo: "hexpm", optional: true]}, {:poison, ">= 1.0.0", [hex: :poison, repo: "hexpm", optional: true]}, {:telemetry, "~> 0.4 or ~> 1.0", [hex: :telemetry, repo: "hexpm", optional: true]}], "hexpm", "98c85e5e614dad082789835d9561e2534c9b5aa980d45e465b898b166c2f3b21"},
  "toml": {:hex, :toml, "0.7.0", "fbcd773caa937d0c7a02c301a1feea25612720ac3fa1ccb8bfd9d30d822911de", [:mix], [], "hexpm", "0690246a2478c1defd100b0c9b89b4ea280a22be9a7b313a8a058a2408a2fa70"},
  "typed_struct": {:hex, :typed_struct, "0.3.0", "939789e3c1dca39d7170c87f729127469d1315dcf99fee8e152bb774b17e7ff7", [:mix], [], "hexpm", "c50bd5c3a61fe4e198a8504f939be3d3c85903b382bde4865579bc23111d1b6d"},
  "unicode_util_compat": {:hex, :unicode_util_compat, "0.7.1", "a48703a25c170eedadca83b11e88985af08d35f37c6f664d6dcfb106a97782fc", [:rebar3], [], "hexpm", "b3a917854ce3ae233619744ad1e0102e05673136776fb2fa76234f3e03b23642"},
  "unsafe": {:hex, :unsafe, "1.0.2", "23c6be12f6c1605364801f4b47007c0c159497d0446ad378b5cf05f1855c0581", [:mix], [], "hexpm", "b485231683c3ab01a9cd44cb4a79f152c6f3bb87358439c6f68791b85c2df675"},
  "websock": {:hex, :websock, "0.5.3", "2f69a6ebe810328555b6fe5c831a851f485e303a7c8ce6c5f675abeb20ebdadc", [:mix], [], "hexpm", "6105453d7fac22c712ad66fab1d45abdf049868f253cf719b625151460b8b453"},
  "websock_adapter": {:hex, :websock_adapter, "0.5.9", "43dc3ba6d89ef5dec5b1d0a39698436a1e856d000d84bf31a3149862b01a287f", [:mix], [{:bandit, ">= 0.6.0", [hex: :bandit, repo: "hexpm", optional: true]}, {:plug, "~> 1.14", [hex: :plug, repo: "hexpm", optional: false]}, {:plug_cowboy, "~> 2.6", [hex: :plug_cowboy, repo: "hexpm", optional: true]}, {:websock, "~> 0.5", [hex: :websock, repo: "hexpm", optional: false]}], "hexpm", "5534d5c9adad3c18a0f58a9371220d75a803bf0b9a3d87e6fe072faaeed76a08"},
  "yamerl": {:hex, :yamerl, "0.10.0", "4ff81fee2f1f6a46f1700c0d880b24d193ddb74bd14ef42cb0bcf46e81ef2f8e", [:rebar3], [], "hexpm", "346adb2963f1051dc837a2364e4acf6eb7d80097c0f53cbdc3046ec8ec4b4e6e"},
  "yaml_elixir": {:hex, :yaml_elixir, "2.12.1", "d74f2d82294651b58dac849c45a82aaea639766797359baff834b64439f6b3f4", [:mix], [{:yamerl, "~> 0.10", [hex: :yamerl, repo: "hexpm", optional: false]}], "hexpm", "d9ac16563c737d55f9bfeed7627489156b91268a3a21cd55c54eb2e335207fed"},
}
